
Microsoft Visual Studio Solution File, Format Version 12.00
# Visual Studio Version 16
VisualStudioVersion = 16.0.30523.141
MinimumVisualStudioVersion = 10.0.40219.1
Project("{FAE04EC0-301F-11D3-BF4B-00C04F79EFBC}") = "Git", "Git\Git.csproj", "{AD0678D3-34F8-45E4-AE0B-2D0E8FBA7E38}"
EndProject
Global
	GlobalSection(SolutionConfigurationPlatforms) = preSolution
		Debug|Any CPU = Debug|Any CPU
		Release|Any CPU = Release|Any CPU
	EndGlobalSection
	GlobalSection(ProjectConfigurationPlatforms) = postSolution
		{AD0678D3-34F8-45E4-AE0B-2D0E8FBA7E38}.Debug|Any CPU.ActiveCfg = Debug|Any CPU
		{AD0678D3-34F8-45E4-AE0B-2D0E8FBA7E38}.Debug|Any CPU.Build.0 = Debug|Any CPU
		{AD0678D3-34F8-45E4-AE0B-2D0E8FBA7E38}.Release|Any CPU.ActiveCfg = Release|Any CPU
		{AD0678D3-34F8-45E4-AE0B-2D0E8FBA7E38}.Release|Any CPU.Build.0 = Release|Any CPU
	EndGlobalSection
	GlobalSection(SolutionProperties) = preSolution
		HideSolutionNode = FALSE
	EndGlobalSection
	GlobalSection(ExtensibilityGlobals) = postSolution
		SolutionGuid = {D5843FBA-B3B8-4511-8B47-9DF89B78F07D}
	EndGlobalSection
EndGlobal
